// !$*UTF8*$!
{
	archiveVersion = 1;
	classes = {
	};
	objectVersion = 56;
	objects = {

/* Begin PBXBuildFile section */
		EF9561022B7D8743007D3F81 /* LikesFeatureApp.swift in Sources */ = {isa = PBXBuildFile; fileRef = EF9561012B7D8743007D3F81 /* LikesFeatureApp.swift */; };
		EF9561042B7D8743007D3F81 /* ContentView.swift in Sources */ = {isa = PBXBuildFile; fileRef = EF9561032B7D8743007D3F81 /* ContentView.swift */; };
		EF9561062B7D8744007D3F81 /* Assets.xcassets in Resources */ = {isa = PBXBuildFile; fileRef = EF9561052B7D8744007D3F81 /* Assets.xcassets */; };
		EF9561092B7D8744007D3F81 /* Preview Assets.xcassets in Resources */ = {isa = PBXBuildFile; fileRef = EF9561082B7D8744007D3F81 /* Preview Assets.xcassets */; };
		EF9561132B7D8745007D3F81 /* LikesFeatureTests.swift in Sources */ = {isa = PBXBuildFile; fileRef = EF9561122B7D8745007D3F81 /* LikesFeatureTests.swift */; };
		EF95611D2B7D8745007D3F81 /* LikesFeatureUITests.swift in Sources */ = {isa = PBXBuildFile; fileRef = EF95611C2B7D8745007D3F81 /* LikesFeatureUITests.swift */; };
		EF95611F2B7D8745007D3F81 /* LikesFeatureUITestsLaunchTests.swift in Sources */ = {isa = PBXBuildFile; fileRef = EF95611E2B7D8745007D3F81 /* LikesFeatureUITestsLaunchTests.swift */; };
/* End PBXBuildFile section */

/* Begin PBXContainerItemProxy section */
		EF95610F2B7D8745007D3F81 /* PBXContainerItemProxy */ = {
			isa = PBXContainerItemProxy;
			containerPortal = EF9560F62B7D8743007D3F81 /* Project object */;
			proxyType = 1;
			remoteGlobalIDString = EF9560FD2B7D8743007D3F81;
			remoteInfo = LikesFeature;
		};
		EF9561192B7D8745007D3F81 /* PBXContainerItemProxy */ = {
			isa = PBXContainerItemProxy;
			containerPortal = EF9560F62B7D8743007D3F81 /* Project object */;
			proxyType = 1;
			remoteGlobalIDString = EF9560FD2B7D8743007D3F81;
			remoteInfo = LikesFeature;
		};
/* End PBXContainerItemProxy section */

/* Begin PBXFileReference section */
		EF9560FE2B7D8743007D3F81 /* LikesFeature.app */ = {isa = PBXFileReference; explicitFileType = wrapper.application; includeInIndex = 0; path = LikesFeature.app; sourceTree = BUILT_PRODUCTS_DIR; };
		EF9561012B7D8743007D3F81 /* LikesFeatureApp.swift */ = {isa = PBXFileReference; lastKnownFileType = sourcecode.swift; path = LikesFeatureApp.swift; sourceTree = "<group>"; };
		EF9561032B7D8743007D3F81 /* ContentView.swift */ = {isa = PBXFileReference; lastKnownFileType = sourcecode.swift; path = ContentView.swift; sourceTree = "<group>"; };
		EF9561052B7D8744007D3F81 /* Assets.xcassets */ = {isa = PBXFileReference; lastKnownFileType = folder.assetcatalog; path = Assets.xcassets; sourceTree = "<group>"; };
		EF9561082B7D8744007D3F81 /* Preview Assets.xcassets */ = {isa = PBXFileReference; lastKnownFileType = folder.assetcatalog; path = "Preview Assets.xcassets"; sourceTree = "<group>"; };
		EF95610E2B7D8745007D3F81 /* LikesFeatureTests.xctest */ = {isa = PBXFileReference; explicitFileType = wrapper.cfbundle; includeInIndex = 0; path = LikesFeatureTests.xctest; sourceTree = BUILT_PRODUCTS_DIR; };
		EF9561122B7D8745007D3F81 /* LikesFeatureTests.swift */ = {isa = PBXFileReference; lastKnownFileType = sourcecode.swift; path = LikesFeatureTests.swift; sourceTree = "<group>"; };
		EF9561182B7D8745007D3F81 /* LikesFeatureUITests.xctest */ = {isa = PBXFileReference; explicitFileType = wrapper.cfbundle; includeInIndex = 0; path = LikesFeatureUITests.xctest; sourceTree = BUILT_PRODUCTS_DIR; };
		EF95611C2B7D8745007D3F81 /* LikesFeatureUITests.swift */ = {isa = PBXFileReference; lastKnownFileType = sourcecode.swift; path = LikesFeatureUITests.swift; sourceTree = "<group>"; };
		EF95611E2B7D8745007D3F81 /* LikesFeatureUITestsLaunchTests.swift */ = {isa = PBXFileReference; lastKnownFileType = sourcecode.swift; path = LikesFeatureUITestsLaunchTests.swift; sourceTree = "<group>"; };
/* End PBXFileReference section */

/* Begin PBXFrameworksBuildPhase section */
		EF9560FB2B7D8743007D3F81 /* Frameworks */ = {
			isa = PBXFrameworksBuildPhase;
			buildActionMask = 2147483647;
			files = (
			);
			runOnlyForDeploymentPostprocessing = 0;
		};
		EF95610B2B7D8745007D3F81 /* Frameworks */ = {
			isa = PBXFrameworksBuildPhase;
			buildActionMask = 2147483647;
			files = (
			);
			runOnlyForDeploymentPostprocessing = 0;
		};
		EF9561152B7D8745007D3F81 /* Frameworks */ = {
			isa = PBXFrameworksBuildPhase;
			buildActionMask = 2147483647;
			files = (
			);
			runOnlyForDeploymentPostprocessing = 0;
		};
/* End PBXFrameworksBuildPhase section */

/* Begin PBXGroup section */
		EF9560F52B7D8743007D3F81 = {
			isa = PBXGroup;
			children = (
				EF9561002B7D8743007D3F81 /* LikesFeature */,
				EF9561112B7D8745007D3F81 /* LikesFeatureTests */,
				EF95611B2B7D8745007D3F81 /* LikesFeatureUITests */,
				EF9560FF2B7D8743007D3F81 /* Products */,
			);
			sourceTree = "<group>";
		};
		EF9560FF2B7D8743007D3F81 /* Products */ = {
			isa = PBXGroup;
			children = (
				EF9560FE2B7D8743007D3F81 /* LikesFeature.app */,
				EF95610E2B7D8745007D3F81 /* LikesFeatureTests.xctest */,
				EF9561182B7D8745007D3F81 /* LikesFeatureUITests.xctest */,
			);
			name = Products;
			sourceTree = "<group>";
		};
		EF9561002B7D8743007D3F81 /* LikesFeature */ = {
			isa = PBXGroup;
			children = (
				EF9561012B7D8743007D3F81 /* LikesFeatureApp.swift */,
				EF9561032B7D8743007D3F81 /* ContentView.swift */,
				EF9561052B7D8744007D3F81 /* Assets.xcassets */,
				EF9561072B7D8744007D3F81 /* Preview Content */,
			);
			path = LikesFeature;
			sourceTree = "<group>";
		};
		EF9561072B7D8744007D3F81 /* Preview Content */ = {
			isa = PBXGroup;
			children = (
				EF9561082B7D8744007D3F81 /* Preview Assets.xcassets */,
			);
			path = "Preview Content";
			sourceTree = "<group>";
		};
		EF9561112B7D8745007D3F81 /* LikesFeatureTests */ = {
			isa = PBXGroup;
			children = (
				EF9561122B7D8745007D3F81 /* LikesFeatureTests.swift */,
			);
			path = LikesFeatureTests;
			sourceTree = "<group>";
		};
		EF95611B2B7D8745007D3F81 /* LikesFeatureUITests */ = {
			isa = PBXGroup;
			children = (
				EF95611C2B7D8745007D3F81 /* LikesFeatureUITests.swift */,
				EF95611E2B7D8745007D3F81 /* LikesFeatureUITestsLaunchTests.swift */,
			);
			path = LikesFeatureUITests;
			sourceTree = "<group>";
		};
/* End PBXGroup section */

/* Begin PBXNativeTarget section */
		EF9560FD2B7D8743007D3F81 /* LikesFeature */ = {
			isa = PBXNativeTarget;
			buildConfigurationList = EF9561222B7D8745007D3F81 /* Build configuration list for PBXNativeTarget "LikesFeature" */;
			buildPhases = (
				EF9560FA2B7D8743007D3F81 /* Sources */,
				EF9560FB2B7D8743007D3F81 /* Frameworks */,
				EF9560FC2B7D8743007D3F81 /* Resources */,
			);
			buildRules = (
			);
			dependencies = (
			);
			name = LikesFeature;
			productName = LikesFeature;
			productReference = EF9560FE2B7D8743007D3F81 /* LikesFeature.app */;
			productType = "com.apple.product-type.application";
		};
		EF95610D2B7D8745007D3F81 /* LikesFeatureTests */ = {
			isa = PBXNativeTarget;
			buildConfigurationList = EF9561252B7D8745007D3F81 /* Build configuration list for PBXNativeTarget "LikesFeatureTests" */;
			buildPhases = (
				EF95610A2B7D8745007D3F81 /* Sources */,
				EF95610B2B7D8745007D3F81 /* Frameworks */,
				EF95610C2B7D8745007D3F81 /* Resources */,
			);
			buildRules = (
			);
			dependencies = (
				EF9561102B7D8745007D3F81 /* PBXTargetDependency */,
			);
			name = LikesFeatureTests;
			productName = LikesFeatureTests;
			productReference = EF95610E2B7D8745007D3F81 /* LikesFeatureTests.xctest */;
			productType = "com.apple.product-type.bundle.unit-test";
		};
		EF9561172B7D8745007D3F81 /* LikesFeatureUITests */ = {
			isa = PBXNativeTarget;
			buildConfigurationList = EF9561282B7D8745007D3F81 /* Build configuration list for PBXNativeTarget "LikesFeatureUITests" */;
			buildPhases = (
				EF9561142B7D8745007D3F81 /* Sources */,
				EF9561152B7D8745007D3F81 /* Frameworks */,
				EF9561162B7D8745007D3F81 /* Resources */,
			);
			buildRules = (
			);
			dependencies = (
				EF95611A2B7D8745007D3F81 /* PBXTargetDependency */,
			);
			name = LikesFeatureUITests;
			productName = LikesFeatureUITests;
			productReference = EF9561182B7D8745007D3F81 /* LikesFeatureUITests.xctest */;
			productType = "com.apple.product-type.bundle.ui-testing";
		};
/* End PBXNativeTarget section */

/* Begin PBXProject section */
		EF9560F62B7D8743007D3F81 /* Project object */ = {
			isa = PBXProject;
			attributes = {
				BuildIndependentTargetsInParallel = 1;
				LastSwiftUpdateCheck = 1430;
				LastUpgradeCheck = 1430;
				TargetAttributes = {
					EF9560FD2B7D8743007D3F81 = {
						CreatedOnToolsVersion = 14.3;
					};
					EF95610D2B7D8745007D3F81 = {
						CreatedOnToolsVersion = 14.3;
						TestTargetID = EF9560FD2B7D8743007D3F81;
					};
					EF9561172B7D8745007D3F81 = {
						CreatedOnToolsVersion = 14.3;
						TestTargetID = EF9560FD2B7D8743007D3F81;
					};
				};
			};
			buildConfigurationList = EF9560F92B7D8743007D3F81 /* Build configuration list for PBXProject "LikesFeature" */;
			compatibilityVersion = "Xcode 14.0";
			developmentRegion = en;
			hasScannedForEncodings = 0;
			knownRegions = (
				en,
				Base,
			);
			mainGroup = EF9560F52B7D8743007D3F81;
			productRefGroup = EF9560FF2B7D8743007D3F81 /* Products */;
			projectDirPath = "";
			projectRoot = "";
			targets = (
				EF9560FD2B7D8743007D3F81 /* LikesFeature */,
				EF95610D2B7D8745007D3F81 /* LikesFeatureTests */,
				EF9561172B7D8745007D3F81 /* LikesFeatureUITests */,
			);
		};
/* End PBXProject section */

/* Begin PBXResourcesBuildPhase section */
		EF9560FC2B7D8743007D3F81 /* Resources */ = {
			isa = PBXResourcesBuildPhase;
			buildActionMask = 2147483647;
			files = (
				EF9561092B7D8744007D3F81 /* Preview Assets.xcassets in Resources */,
				EF9561062B7D8744007D3F81 /* Assets.xcassets in Resources */,
			);
			runOnlyForDeploymentPostprocessing = 0;
		};
		EF95610C2B7D8745007D3F81 /* Resources */ = {
			isa = PBXResourcesBuildPhase;
			buildActionMask = 2147483647;
			files = (
			);
			runOnlyForDeploymentPostprocessing = 0;
		};
		EF9561162B7D8745007D3F81 /* Resources */ = {
			isa = PBXResourcesBuildPhase;
			buildActionMask = 2147483647;
			files = (
			);
			runOnlyForDeploymentPostprocessing = 0;
		};
/* End PBXResourcesBuildPhase section */

/* Begin PBXSourcesBuildPhase section */
		EF9560FA2B7D8743007D3F81 /* Sources */ = {
			isa = PBXSourcesBuildPhase;
			buildActionMask = 2147483647;
			files = (
				EF9561042B7D8743007D3F81 /* ContentView.swift in Sources */,
				EF9561022B7D8743007D3F81 /* LikesFeatureApp.swift in Sources */,
			);
			runOnlyForDeploymentPostprocessing = 0;
		};
		EF95610A2B7D8745007D3F81 /* Sources */ = {
			isa = PBXSourcesBuildPhase;
			buildActionMask = 2147483647;
			files = (
				EF9561132B7D8745007D3F81 /* LikesFeatureTests.swift in Sources */,
			);
			runOnlyForDeploymentPostprocessing = 0;
		};
		EF9561142B7D8745007D3F81 /* Sources */ = {
			isa = PBXSourcesBuildPhase;
			buildActionMask = 2147483647;
			files = (
				EF95611F2B7D8745007D3F81 /* LikesFeatureUITestsLaunchTests.swift in Sources */,
				EF95611D2B7D8745007D3F81 /* LikesFeatureUITests.swift in Sources */,
			);
			runOnlyForDeploymentPostprocessing = 0;
		};
/* End PBXSourcesBuildPhase section */

/* Begin PBXTargetDependency section */
		EF9561102B7D8745007D3F81 /* PBXTargetDependency */ = {
			isa = PBXTargetDependency;
			target = EF9560FD2B7D8743007D3F81 /* LikesFeature */;
			targetProxy = EF95610F2B7D8745007D3F81 /* PBXContainerItemProxy */;
		};
		EF95611A2B7D8745007D3F81 /* PBXTargetDependency */ = {
			isa = PBXTargetDependency;
			target = EF9560FD2B7D8743007D3F81 /* LikesFeature */;
			targetProxy = EF9561192B7D8745007D3F81 /* PBXContainerItemProxy */;
		};
/* End PBXTargetDependency section */

/* Begin XCBuildConfiguration section */
		EF9561202B7D8745007D3F81 /* Debug */ = {
			isa = XCBuildConfiguration;
			buildSettings = {
				ALWAYS_SEARCH_USER_PATHS = NO;
				CLANG_ANALYZER_NONNULL = YES;
				CLANG_ANALYZER_NUMBER_OBJECT_CONVERSION = YES_AGGRESSIVE;
				CLANG_CXX_LANGUAGE_STANDARD = "gnu++20";
				CLANG_ENABLE_MODULES = YES;
				CLANG_ENABLE_OBJC_ARC = YES;
				CLANG_ENABLE_OBJC_WEAK = YES;
				CLANG_WARN_BLOCK_CAPTURE_AUTORELEASING = YES;
				CLANG_WARN_BOOL_CONVERSION = YES;
				CLANG_WARN_COMMA = YES;
				CLANG_WARN_CONSTANT_CONVERSION = YES;
				CLANG_WARN_DEPRECATED_OBJC_IMPLEMENTATIONS = YES;
				CLANG_WARN_DIRECT_OBJC_ISA_USAGE = YES_ERROR;
				CLANG_WARN_DOCUMENTATION_COMMENTS = YES;
				CLANG_WARN_EMPTY_BODY = YES;
				CLANG_WARN_ENUM_CONVERSION = YES;
				CLANG_WARN_INFINITE_RECURSION = YES;
				CLANG_WARN_INT_CONVERSION = YES;
				CLANG_WARN_NON_LITERAL_NULL_CONVERSION = YES;
				CLANG_WARN_OBJC_IMPLICIT_RETAIN_SELF = YES;
				CLANG_WARN_OBJC_LITERAL_CONVERSION = YES;
				CLANG_WARN_OBJC_ROOT_CLASS = YES_ERROR;
				CLANG_WARN_QUOTED_INCLUDE_IN_FRAMEWORK_HEADER = YES;
				CLANG_WARN_RANGE_LOOP_ANALYSIS = YES;
				CLANG_WARN_STRICT_PROTOTYPES = YES;
				CLANG_WARN_SUSPICIOUS_MOVE = YES;
				CLANG_WARN_UNGUARDED_AVAILABILITY = YES_AGGRESSIVE;
				CLANG_WARN_UNREACHABLE_CODE = YES;
				CLANG_WARN__DUPLICATE_METHOD_MATCH = YES;
				COPY_PHASE_STRIP = NO;
				DEBUG_INFORMATION_FORMAT = dwarf;
				ENABLE_STRICT_OBJC_MSGSEND = YES;
				ENABLE_TESTABILITY = YES;
				GCC_C_LANGUAGE_STANDARD = gnu11;
				GCC_DYNAMIC_NO_PIC = NO;
				GCC_NO_COMMON_BLOCKS = YES;
				GCC_OPTIMIZATION_LEVEL = 0;
				GCC_PREPROCESSOR_DEFINITIONS = (
					"DEBUG=1",
					"$(inherited)",
				);
				GCC_WARN_64_TO_32_BIT_CONVERSION = YES;
				GCC_WARN_ABOUT_RETURN_TYPE = YES_ERROR;
				GCC_WARN_UNDECLARED_SELECTOR = YES;
				GCC_WARN_UNINITIALIZED_AUTOS = YES_AGGRESSIVE;
				GCC_WARN_UNUSED_FUNCTION = YES;
				GCC_WARN_UNUSED_VARIABLE = YES;
				IPHONEOS_DEPLOYMENT_TARGET = 16.4;
				MTL_ENABLE_DEBUG_INFO = INCLUDE_SOURCE;
				MTL_FAST_MATH = YES;
				ONLY_ACTIVE_ARCH = YES;
				SDKROOT = iphoneos;
				SWIFT_ACTIVE_COMPILATION_CONDITIONS = DEBUG;
				SWIFT_OPTIMIZATION_LEVEL = "-Onone";
			};
			name = Debug;
		};
		EF9561212B7D8745007D3F81 /* Release */ = {
			isa = XCBuildConfiguration;
			buildSettings = {
				ALWAYS_SEARCH_USER_PATHS = NO;
				CLANG_ANALYZER_NONNULL = YES;
				CLANG_ANALYZER_NUMBER_OBJECT_CONVERSION = YES_AGGRESSIVE;
				CLANG_CXX_LANGUAGE_STANDARD = "gnu++20";
				CLANG_ENABLE_MODULES = YES;
				CLANG_ENABLE_OBJC_ARC = YES;
				CLANG_ENABLE_OBJC_WEAK = YES;
				CLANG_WARN_BLOCK_CAPTURE_AUTORELEASING = YES;
				CLANG_WARN_BOOL_CONVERSION = YES;
				CLANG_WARN_COMMA = YES;
				CLANG_WARN_CONSTANT_CONVERSION = YES;
				CLANG_WARN_DEPRECATED_OBJC_IMPLEMENTATIONS = YES;
				CLANG_WARN_DIRECT_OBJC_ISA_USAGE = YES_ERROR;
				CLANG_WARN_DOCUMENTATION_COMMENTS = YES;
				CLANG_WARN_EMPTY_BODY = YES;
				CLANG_WARN_ENUM_CONVERSION = YES;
				CLANG_WARN_INFINITE_RECURSION = YES;
				CLANG_WARN_INT_CONVERSION = YES;
				CLANG_WARN_NON_LITERAL_NULL_CONVERSION = YES;
				CLANG_WARN_OBJC_IMPLICIT_RETAIN_SELF = YES;
				CLANG_WARN_OBJC_LITERAL_CONVERSION = YES;
				CLANG_WARN_OBJC_ROOT_CLASS = YES_ERROR;
				CLANG_WARN_QUOTED_INCLUDE_IN_FRAMEWORK_HEADER = YES;
				CLANG_WARN_RANGE_LOOP_ANALYSIS = YES;
				CLANG_WARN_STRICT_PROTOTYPES = YES;
				CLANG_WARN_SUSPICIOUS_MOVE = YES;
				CLANG_WARN_UNGUARDED_AVAILABILITY = YES_AGGRESSIVE;
				CLANG_WARN_UNREACHABLE_CODE = YES;
				CLANG_WARN__DUPLICATE_METHOD_MATCH = YES;
				COPY_PHASE_STRIP = NO;
				DEBUG_INFORMATION_FORMAT = "dwarf-with-dsym";
				ENABLE_NS_ASSERTIONS = NO;
				ENABLE_STRICT_OBJC_MSGSEND = YES;
				GCC_C_LANGUAGE_STANDARD = gnu11;
				GCC_NO_COMMON_BLOCKS = YES;
				GCC_WARN_64_TO_32_BIT_CONVERSION = YES;
				GCC_WARN_ABOUT_RETURN_TYPE = YES_ERROR;
				GCC_WARN_UNDECLARED_SELECTOR = YES;
				GCC_WARN_UNINITIALIZED_AUTOS = YES_AGGRESSIVE;
				GCC_WARN_UNUSED_FUNCTION = YES;
				GCC_WARN_UNUSED_VARIABLE = YES;
				IPHONEOS_DEPLOYMENT_TARGET = 16.4;
				MTL_ENABLE_DEBUG_INFO = NO;
				MTL_FAST_MATH = YES;
				SDKROOT = iphoneos;
				SWIFT_COMPILATION_MODE = wholemodule;
				SWIFT_OPTIMIZATION_LEVEL = "-O";
				VALIDATE_PRODUCT = YES;
			};
			name = Release;
		};
		EF9561232B7D8745007D3F81 /* Debug */ = {
			isa = XCBuildConfiguration;
			buildSettings = {
				ASSETCATALOG_COMPILER_APPICON_NAME = AppIcon;
				ASSETCATALOG_COMPILER_GLOBAL_ACCENT_COLOR_NAME = AccentColor;
				CODE_SIGN_STYLE = Automatic;
				CURRENT_PROJECT_VERSION = 1;
				DEVELOPMENT_ASSET_PATHS = "\"LikesFeature/Preview Content\"";
				DEVELOPMENT_TEAM = JA868URLCA;
				ENABLE_PREVIEWS = YES;
				GENERATE_INFOPLIST_FILE = YES;
				INFOPLIST_KEY_UIApplicationSceneManifest_Generation = YES;
				INFOPLIST_KEY_UIApplicationSupportsIndirectInputEvents = YES;
				INFOPLIST_KEY_UILaunchScreen_Generation = YES;
				INFOPLIST_KEY_UISupportedInterfaceOrientations_iPad = "UIInterfaceOrientationPortrait UIInterfaceOrientationPortraitUpsideDown UIInterfaceOrientationLandscapeLeft UIInterfaceOrientationLandscapeRight";
				INFOPLIST_KEY_UISupportedInterfaceOrientations_iPhone = "UIInterfaceOrientationPortrait UIInterfaceOrientationLandscapeLeft UIInterfaceOrientationLandscapeRight";
				LD_RUNPATH_SEARCH_PATHS = (
					"$(inherited)",
					"@executable_path/Frameworks",
				);
				MARKETING_VERSION = 1.0;
				PRODUCT_BUNDLE_IDENTIFIER = com.SimSangGab.LikesFeature;
				PRODUCT_NAME = "$(TARGET_NAME)";
				SWIFT_EMIT_LOC_STRINGS = YES;
				SWIFT_VERSION = 5.0;
				TARGETED_DEVICE_FAMILY = "1,2";
			};
			name = Debug;
		};
		EF9561242B7D8745007D3F81 /* Release */ = {
			isa = XCBuildConfiguration;
			buildSettings = {
				ASSETCATALOG_COMPILER_APPICON_NAME = AppIcon;
				ASSETCATALOG_COMPILER_GLOBAL_ACCENT_COLOR_NAME = AccentColor;
				CODE_SIGN_STYLE = Automatic;
				CURRENT_PROJECT_VERSION = 1;
				DEVELOPMENT_ASSET_PATHS = "\"LikesFeature/Preview Content\"";
				DEVELOPMENT_TEAM = JA868URLCA;
				ENABLE_PREVIEWS = YES;
				GENERATE_INFOPLIST_FILE = YES;
				INFOPLIST_KEY_UIApplicationSceneManifest_Generation = YES;
				INFOPLIST_KEY_UIApplicationSupportsIndirectInputEvents = YES;
				INFOPLIST_KEY_UILaunchScreen_Generation = YES;
				INFOPLIST_KEY_UISupportedInterfaceOrientations_iPad = "UIInterfaceOrientationPortrait UIInterfaceOrientationPortraitUpsideDown UIInterfaceOrientationLandscapeLeft UIInterfaceOrientationLandscapeRight";
				INFOPLIST_KEY_UISupportedInterfaceOrientations_iPhone = "UIInterfaceOrientationPortrait UIInterfaceOrientationLandscapeLeft UIInterfaceOrientationLandscapeRight";
				LD_RUNPATH_SEARCH_PATHS = (
					"$(inherited)",
					"@executable_path/Frameworks",
				);
				MARKETING_VERSION = 1.0;
				PRODUCT_BUNDLE_IDENTIFIER = com.SimSangGab.LikesFeature;
				PRODUCT_NAME = "$(TARGET_NAME)";
				SWIFT_EMIT_LOC_STRINGS = YES;
				SWIFT_VERSION = 5.0;
				TARGETED_DEVICE_FAMILY = "1,2";
			};
			name = Release;
		};
		EF9561262B7D8745007D3F81 /* Debug */ = {
			isa = XCBuildConfiguration;
			buildSettings = {
				ALWAYS_EMBED_SWIFT_STANDARD_LIBRARIES = YES;
				BUNDLE_LOADER = "$(TEST_HOST)";
				CODE_SIGN_STYLE = Automatic;
				CURRENT_PROJECT_VERSION = 1;
				DEVELOPMENT_TEAM = JA868URLCA;
				GENERATE_INFOPLIST_FILE = YES;
				IPHONEOS_DEPLOYMENT_TARGET = 16.4;
				MARKETING_VERSION = 1.0;
				PRODUCT_BUNDLE_IDENTIFIER = com.SimSangGab.LikesFeatureTests;
				PRODUCT_NAME = "$(TARGET_NAME)";
				SWIFT_EMIT_LOC_STRINGS = NO;
				SWIFT_VERSION = 5.0;
				TARGETED_DEVICE_FAMILY = "1,2";
				TEST_HOST = "$(BUILT_PRODUCTS_DIR)/LikesFeature.app/$(BUNDLE_EXECUTABLE_FOLDER_PATH)/LikesFeature";
			};
			name = Debug;
		};
		EF9561272B7D8745007D3F81 /* Release */ = {
			isa = XCBuildConfiguration;
			buildSettings = {
				ALWAYS_EMBED_SWIFT_STANDARD_LIBRARIES = YES;
				BUNDLE_LOADER = "$(TEST_HOST)";
				CODE_SIGN_STYLE = Automatic;
				CURRENT_PROJECT_VERSION = 1;
				DEVELOPMENT_TEAM = JA868URLCA;
				GENERATE_INFOPLIST_FILE = YES;
				IPHONEOS_DEPLOYMENT_TARGET = 16.4;
				MARKETING_VERSION = 1.0;
				PRODUCT_BUNDLE_IDENTIFIER = com.SimSangGab.LikesFeatureTests;
				PRODUCT_NAME = "$(TARGET_NAME)";
				SWIFT_EMIT_LOC_STRINGS = NO;
				SWIFT_VERSION = 5.0;
				TARGETED_DEVICE_FAMILY = "1,2";
				TEST_HOST = "$(BUILT_PRODUCTS_DIR)/LikesFeature.app/$(BUNDLE_EXECUTABLE_FOLDER_PATH)/LikesFeature";
			};
			name = Release;
		};
		EF9561292B7D8745007D3F81 /* Debug */ = {
			isa = XCBuildConfiguration;
			buildSettings = {
				ALWAYS_EMBED_SWIFT_STANDARD_LIBRARIES = YES;
				CODE_SIGN_STYLE = Automatic;
				CURRENT_PROJECT_VERSION = 1;
				DEVELOPMENT_TEAM = JA868URLCA;
				GENERATE_INFOPLIST_FILE = YES;
				MARKETING_VERSION = 1.0;
				PRODUCT_BUNDLE_IDENTIFIER = com.SimSangGab.LikesFeatureUITests;
				PRODUCT_NAME = "$(TARGET_NAME)";
				SWIFT_EMIT_LOC_STRINGS = NO;
				SWIFT_VERSION = 5.0;
				TARGETED_DEVICE_FAMILY = "1,2";
				TEST_TARGET_NAME = LikesFeature;
			};
			name = Debug;
		};
		EF95612A2B7D8745007D3F81 /* Release */ = {
			isa = XCBuildConfiguration;
			buildSettings = {
				ALWAYS_EMBED_SWIFT_STANDARD_LIBRARIES = YES;
				CODE_SIGN_STYLE = Automatic;
				CURRENT_PROJECT_VERSION = 1;
				DEVELOPMENT_TEAM = JA868URLCA;
				GENERATE_INFOPLIST_FILE = YES;
				MARKETING_VERSION = 1.0;
				PRODUCT_BUNDLE_IDENTIFIER = com.SimSangGab.LikesFeatureUITests;
				PRODUCT_NAME = "$(TARGET_NAME)";
				SWIFT_EMIT_LOC_STRINGS = NO;
				SWIFT_VERSION = 5.0;
				TARGETED_DEVICE_FAMILY = "1,2";
				TEST_TARGET_NAME = LikesFeature;
			};
			name = Release;
		};
/* End XCBuildConfiguration section */

/* Begin XCConfigurationList section */
		EF9560F92B7D8743007D3F81 /* Build configuration list for PBXProject "LikesFeature" */ = {
			isa = XCConfigurationList;
			buildConfigurations = (
				EF9561202B7D8745007D3F81 /* Debug */,
				EF9561212B7D8745007D3F81 /* Release */,
			);
			defaultConfigurationIsVisible = 0;
			defaultConfigurationName = Release;
		};
		EF9561222B7D8745007D3F81 /* Build configuration list for PBXNativeTarget "LikesFeature" */ = {
			isa = XCConfigurationList;
			buildConfigurations = (
				EF9561232B7D8745007D3F81 /* Debug */,
				EF9561242B7D8745007D3F81 /* Release */,
			);
			defaultConfigurationIsVisible = 0;
			defaultConfigurationName = Release;
		};
		EF9561252B7D8745007D3F81 /* Build configuration list for PBXNativeTarget "LikesFeatureTests" */ = {
			isa = XCConfigurationList;
			buildConfigurations = (
				EF9561262B7D8745007D3F81 /* Debug */,
				EF9561272B7D8745007D3F81 /* Release */,
			);
			defaultConfigurationIsVisible = 0;
			defaultConfigurationName = Release;
		};
		EF9561282B7D8745007D3F81 /* Build configuration list for PBXNativeTarget "LikesFeatureUITests" */ = {
			isa = XCConfigurationList;
			buildConfigurations = (
				EF9561292B7D8745007D3F81 /* Debug */,
				EF95612A2B7D8745007D3F81 /* Release */,
			);
			defaultConfigurationIsVisible = 0;
			defaultConfigurationName = Release;
		};
/* End XCConfigurationList section */
	};
	rootObject = EF9560F62B7D8743007D3F81 /* Project object */;
}
